
Microsoft Visual Studio Solution File, Format Version 12.00
# Visual Studio Version 16
VisualStudioVersion = 16.0.31911.196
MinimumVisualStudioVersion = 10.0.40219.1
Project("{2150E333-8FDC-42A3-9474-1A3956D46DE8}") = "Services", "Services", "{480E6644-3354-4283-B026-2C97346D488D}"
EndProject
Project("{2150E333-8FDC-42A3-9474-1A3956D46DE8}") = "Catalog", "Catalog", "{6B1AF12B-77B6-4062-9672-2DF183E3656D}"
EndProject
Project("{9A19103F-16F7-4668-BE54-9A1E7A4F7556}") = "FreeCourse.Services.Catalog", "Services\Catalog\FreeCourse.Services.Catalog\FreeCourse.Services.Catalog.csproj", "{FD3BF8EA-9485-49B1-9AFA-7FECADF83BBC}"
EndProject
Project("{2150E333-8FDC-42A3-9474-1A3956D46DE8}") = "Solution Items", "Solution Items", "{D1D91F0A-EEA5-4F78-9D90-1FDF22E7624A}"
	ProjectSection(SolutionItems) = preProject
		Ports.txt = Ports.txt
	EndProjectSection
EndProject
Project("{2150E333-8FDC-42A3-9474-1A3956D46DE8}") = "Shared", "Shared", "{BCC2425D-DB4B-4E34-BC34-1C4C8624167F}"
EndProject
Project("{9A19103F-16F7-4668-BE54-9A1E7A4F7556}") = "FreeCourse.Shared", "Shared\FreeCourse.Shared\FreeCourse.Shared.csproj", "{D2BEC69C-508B-4D67-A556-002B1ED4F150}"
EndProject
Project("{2150E333-8FDC-42A3-9474-1A3956D46DE8}") = "IdentityServer", "IdentityServer", "{AC956776-E12B-4D43-8F52-B5076D530DAD}"
EndProject
Project("{9A19103F-16F7-4668-BE54-9A1E7A4F7556}") = "FreeCourse.IdentityServer", "IdentityServer\FreeCourse.IdentityServer\FreeCourse.IdentityServer.csproj", "{BFD70E47-0E33-4A30-B853-1B60B84666A4}"
EndProject
Project("{2150E333-8FDC-42A3-9474-1A3956D46DE8}") = "PhotoStock", "PhotoStock", "{515DE52A-C3B9-4F50-B476-5ACDB42A1A4A}"
EndProject
Project("{9A19103F-16F7-4668-BE54-9A1E7A4F7556}") = "FreeCourse.Services.PhotoStock", "Services\PhotoStock\FreeCourse.Services.PhotoStock\FreeCourse.Services.PhotoStock.csproj", "{2325BEB3-A653-473F-97D3-20A6CE909E27}"
EndProject
Project("{2150E333-8FDC-42A3-9474-1A3956D46DE8}") = "Basket", "Basket", "{C23ADB3A-760A-484A-81F3-12E32B2D2048}"
EndProject
Project("{9A19103F-16F7-4668-BE54-9A1E7A4F7556}") = "FreeCourse.Services.Basket", "Services\Basket\FreeCourse.Services.Basket\FreeCourse.Services.Basket.csproj", "{0FF41224-6249-4CF2-934D-70BB59F9CEB0}"
EndProject
Project("{2150E333-8FDC-42A3-9474-1A3956D46DE8}") = "Discount", "Discount", "{FF406821-0250-4B38-B5FC-D2EA08940076}"
EndProject
Project("{9A19103F-16F7-4668-BE54-9A1E7A4F7556}") = "FreeCourse.Services.Discount", "Services\Discount\FreeCourse.Services.Discount\FreeCourse.Services.Discount.csproj", "{560335D8-C4CB-4188-8F4D-44FB8A0D303E}"
EndProject
Project("{2150E333-8FDC-42A3-9474-1A3956D46DE8}") = "Order", "Order", "{0CA82343-6FA0-4211-9417-E6D9E36F314E}"
EndProject
Project("{FAE04EC0-301F-11D3-BF4B-00C04F79EFBC}") = "FreeCourse.Services.Order.API", "Services\Order\FreeCourse.Services.Order.API\FreeCourse.Services.Order.API.csproj", "{68C7ED18-6FDD-485C-B2EF-2062D8D46112}"
	ProjectSection(ProjectDependencies) = postProject
		{D2BEC69C-508B-4D67-A556-002B1ED4F150} = {D2BEC69C-508B-4D67-A556-002B1ED4F150}
		{7694F2A7-D909-431E-84F4-7050C21B932D} = {7694F2A7-D909-431E-84F4-7050C21B932D}
	EndProjectSection
EndProject
Project("{FAE04EC0-301F-11D3-BF4B-00C04F79EFBC}") = "FreeCourse.Services.Order.Application", "Services\Order\FreeCourse.Services.Order.Application\FreeCourse.Services.Order.Application.csproj", "{7694F2A7-D909-431E-84F4-7050C21B932D}"
	ProjectSection(ProjectDependencies) = postProject
		{E2385A00-81A6-4C02-8DA0-9CAD5868F6AC} = {E2385A00-81A6-4C02-8DA0-9CAD5868F6AC}
		{FA33C678-D51D-41AB-97F8-42DF55A234A6} = {FA33C678-D51D-41AB-97F8-42DF55A234A6}
	EndProjectSection
EndProject
Project("{FAE04EC0-301F-11D3-BF4B-00C04F79EFBC}") = "FreeCourse.Services.Order.Domain", "Services\Order\FreeCourse.Services.Order.Domain\FreeCourse.Services.Order.Domain.csproj", "{FA33C678-D51D-41AB-97F8-42DF55A234A6}"
	ProjectSection(ProjectDependencies) = postProject
		{FCCE3410-4D7F-48C8-A09C-2A6966E29682} = {FCCE3410-4D7F-48C8-A09C-2A6966E29682}
	EndProjectSection
EndProject
Project("{FAE04EC0-301F-11D3-BF4B-00C04F79EFBC}") = "FreeCourse.Services.Order.Domain.Core", "Services\Order\FreeCourse.Services.Order.Domain.Core\FreeCourse.Services.Order.Domain.Core.csproj", "{FCCE3410-4D7F-48C8-A09C-2A6966E29682}"
EndProject
Project("{FAE04EC0-301F-11D3-BF4B-00C04F79EFBC}") = "FreeCourse.Services.Order.Infrastructure", "Services\Order\FreeCourse.Services.Order.Infrastructure\FreeCourse.Services.Order.Infrastructure.csproj", "{E2385A00-81A6-4C02-8DA0-9CAD5868F6AC}"
	ProjectSection(ProjectDependencies) = postProject
		{FA33C678-D51D-41AB-97F8-42DF55A234A6} = {FA33C678-D51D-41AB-97F8-42DF55A234A6}
	EndProjectSection
EndProject
Global
	GlobalSection(SolutionConfigurationPlatforms) = preSolution
		Debug|Any CPU = Debug|Any CPU
		Release|Any CPU = Release|Any CPU
	EndGlobalSection
	GlobalSection(ProjectConfigurationPlatforms) = postSolution
		{FD3BF8EA-9485-49B1-9AFA-7FECADF83BBC}.Debug|Any CPU.ActiveCfg = Debug|Any CPU
		{FD3BF8EA-9485-49B1-9AFA-7FECADF83BBC}.Debug|Any CPU.Build.0 = Debug|Any CPU
		{FD3BF8EA-9485-49B1-9AFA-7FECADF83BBC}.Release|Any CPU.ActiveCfg = Release|Any CPU
		{FD3BF8EA-9485-49B1-9AFA-7FECADF83BBC}.Release|Any CPU.Build.0 = Release|Any CPU
		{D2BEC69C-508B-4D67-A556-002B1ED4F150}.Debug|Any CPU.ActiveCfg = Debug|Any CPU
		{D2BEC69C-508B-4D67-A556-002B1ED4F150}.Debug|Any CPU.Build.0 = Debug|Any CPU
		{D2BEC69C-508B-4D67-A556-002B1ED4F150}.Release|Any CPU.ActiveCfg = Release|Any CPU
		{D2BEC69C-508B-4D67-A556-002B1ED4F150}.Release|Any CPU.Build.0 = Release|Any CPU
		{BFD70E47-0E33-4A30-B853-1B60B84666A4}.Debug|Any CPU.ActiveCfg = Debug|Any CPU
		{BFD70E47-0E33-4A30-B853-1B60B84666A4}.Debug|Any CPU.Build.0 = Debug|Any CPU
		{BFD70E47-0E33-4A30-B853-1B60B84666A4}.Release|Any CPU.ActiveCfg = Release|Any CPU
		{BFD70E47-0E33-4A30-B853-1B60B84666A4}.Release|Any CPU.Build.0 = Release|Any CPU
		{2325BEB3-A653-473F-97D3-20A6CE909E27}.Debug|Any CPU.ActiveCfg = Debug|Any CPU
		{2325BEB3-A653-473F-97D3-20A6CE909E27}.Debug|Any CPU.Build.0 = Debug|Any CPU
		{2325BEB3-A653-473F-97D3-20A6CE909E27}.Release|Any CPU.ActiveCfg = Release|Any CPU
		{2325BEB3-A653-473F-97D3-20A6CE909E27}.Release|Any CPU.Build.0 = Release|Any CPU
		{0FF41224-6249-4CF2-934D-70BB59F9CEB0}.Debug|Any CPU.ActiveCfg = Debug|Any CPU
		{0FF41224-6249-4CF2-934D-70BB59F9CEB0}.Debug|Any CPU.Build.0 = Debug|Any CPU
		{0FF41224-6249-4CF2-934D-70BB59F9CEB0}.Release|Any CPU.ActiveCfg = Release|Any CPU
		{0FF41224-6249-4CF2-934D-70BB59F9CEB0}.Release|Any CPU.Build.0 = Release|Any CPU
		{560335D8-C4CB-4188-8F4D-44FB8A0D303E}.Debug|Any CPU.ActiveCfg = Debug|Any CPU
		{560335D8-C4CB-4188-8F4D-44FB8A0D303E}.Debug|Any CPU.Build.0 = Debug|Any CPU
		{560335D8-C4CB-4188-8F4D-44FB8A0D303E}.Release|Any CPU.ActiveCfg = Release|Any CPU
		{560335D8-C4CB-4188-8F4D-44FB8A0D303E}.Release|Any CPU.Build.0 = Release|Any CPU
		{68C7ED18-6FDD-485C-B2EF-2062D8D46112}.Debug|Any CPU.ActiveCfg = Debug|Any CPU
		{68C7ED18-6FDD-485C-B2EF-2062D8D46112}.Debug|Any CPU.Build.0 = Debug|Any CPU
		{68C7ED18-6FDD-485C-B2EF-2062D8D46112}.Release|Any CPU.ActiveCfg = Release|Any CPU
		{68C7ED18-6FDD-485C-B2EF-2062D8D46112}.Release|Any CPU.Build.0 = Release|Any CPU
		{7694F2A7-D909-431E-84F4-7050C21B932D}.Debug|Any CPU.ActiveCfg = Debug|Any CPU
		{7694F2A7-D909-431E-84F4-7050C21B932D}.Debug|Any CPU.Build.0 = Debug|Any CPU
		{7694F2A7-D909-431E-84F4-7050C21B932D}.Release|Any CPU.ActiveCfg = Release|Any CPU
		{7694F2A7-D909-431E-84F4-7050C21B932D}.Release|Any CPU.Build.0 = Release|Any CPU
		{FA33C678-D51D-41AB-97F8-42DF55A234A6}.Debug|Any CPU.ActiveCfg = Debug|Any CPU
		{FA33C678-D51D-41AB-97F8-42DF55A234A6}.Debug|Any CPU.Build.0 = Debug|Any CPU
		{FA33C678-D51D-41AB-97F8-42DF55A234A6}.Release|Any CPU.ActiveCfg = Release|Any CPU
		{FA33C678-D51D-41AB-97F8-42DF55A234A6}.Release|Any CPU.Build.0 = Release|Any CPU
		{FCCE3410-4D7F-48C8-A09C-2A6966E29682}.Debug|Any CPU.ActiveCfg = Debug|Any CPU
		{FCCE3410-4D7F-48C8-A09C-2A6966E29682}.Debug|Any CPU.Build.0 = Debug|Any CPU
		{FCCE3410-4D7F-48C8-A09C-2A6966E29682}.Release|Any CPU.ActiveCfg = Release|Any CPU
		{FCCE3410-4D7F-48C8-A09C-2A6966E29682}.Release|Any CPU.Build.0 = Release|Any CPU
		{E2385A00-81A6-4C02-8DA0-9CAD5868F6AC}.Debug|Any CPU.ActiveCfg = Debug|Any CPU
		{E2385A00-81A6-4C02-8DA0-9CAD5868F6AC}.Debug|Any CPU.Build.0 = Debug|Any CPU
		{E2385A00-81A6-4C02-8DA0-9CAD5868F6AC}.Release|Any CPU.ActiveCfg = Release|Any CPU
		{E2385A00-81A6-4C02-8DA0-9CAD5868F6AC}.Release|Any CPU.Build.0 = Release|Any CPU
	EndGlobalSection
	GlobalSection(SolutionProperties) = preSolution
		HideSolutionNode = FALSE
	EndGlobalSection
	GlobalSection(NestedProjects) = preSolution
		{6B1AF12B-77B6-4062-9672-2DF183E3656D} = {480E6644-3354-4283-B026-2C97346D488D}
		{FD3BF8EA-9485-49B1-9AFA-7FECADF83BBC} = {6B1AF12B-77B6-4062-9672-2DF183E3656D}
		{D2BEC69C-508B-4D67-A556-002B1ED4F150} = {BCC2425D-DB4B-4E34-BC34-1C4C8624167F}
		{BFD70E47-0E33-4A30-B853-1B60B84666A4} = {AC956776-E12B-4D43-8F52-B5076D530DAD}
		{515DE52A-C3B9-4F50-B476-5ACDB42A1A4A} = {480E6644-3354-4283-B026-2C97346D488D}
		{2325BEB3-A653-473F-97D3-20A6CE909E27} = {515DE52A-C3B9-4F50-B476-5ACDB42A1A4A}
		{C23ADB3A-760A-484A-81F3-12E32B2D2048} = {480E6644-3354-4283-B026-2C97346D488D}
		{0FF41224-6249-4CF2-934D-70BB59F9CEB0} = {C23ADB3A-760A-484A-81F3-12E32B2D2048}
		{FF406821-0250-4B38-B5FC-D2EA08940076} = {480E6644-3354-4283-B026-2C97346D488D}
		{560335D8-C4CB-4188-8F4D-44FB8A0D303E} = {FF406821-0250-4B38-B5FC-D2EA08940076}
		{0CA82343-6FA0-4211-9417-E6D9E36F314E} = {480E6644-3354-4283-B026-2C97346D488D}
		{68C7ED18-6FDD-485C-B2EF-2062D8D46112} = {0CA82343-6FA0-4211-9417-E6D9E36F314E}
		{7694F2A7-D909-431E-84F4-7050C21B932D} = {0CA82343-6FA0-4211-9417-E6D9E36F314E}
		{FA33C678-D51D-41AB-97F8-42DF55A234A6} = {0CA82343-6FA0-4211-9417-E6D9E36F314E}
		{FCCE3410-4D7F-48C8-A09C-2A6966E29682} = {0CA82343-6FA0-4211-9417-E6D9E36F314E}
		{E2385A00-81A6-4C02-8DA0-9CAD5868F6AC} = {0CA82343-6FA0-4211-9417-E6D9E36F314E}
	EndGlobalSection
	GlobalSection(ExtensibilityGlobals) = postSolution
		SolutionGuid = {5DD92F59-EDE5-480B-A02D-FD0E8972724F}
	EndGlobalSection
EndGlobal
